
Microsoft Visual Studio Solution File, Format Version 12.00
# Visual Studio Version 17
VisualStudioVersion = 17.4.33103.184
MinimumVisualStudioVersion = 10.0.40219.1
Project("{9A19103F-16F7-4668-BE54-9A1E7A4F7556}") = "TasksFrm", "TasksFrm\TasksFrm.csproj", "{A14393D3-B2FA-41AE-9555-73E2F3D564BD}"
EndProject
Project("{9A19103F-16F7-4668-BE54-9A1E7A4F7556}") = "TaskApi", "TaskApi\TaskApi.csproj", "{C65D435D-A5B2-4BA7-AD0F-6574E6427D37}"
EndProject
Project("{2150E333-8FDC-42A3-9474-1A3956D46DE8}") = "Solution Items", "Solution Items", "{8AB3F9E9-F52D-412D-B7B1-D374B8836E4E}"
	ProjectSection(SolutionItems) = preProject
		README.md = README.md
	EndProjectSection
EndProject
Global
	GlobalSection(SolutionConfigurationPlatforms) = preSolution
		Debug|Any CPU = Debug|Any CPU
		Release|Any CPU = Release|Any CPU
	EndGlobalSection
	GlobalSection(ProjectConfigurationPlatforms) = postSolution
		{A14393D3-B2FA-41AE-9555-73E2F3D564BD}.Debug|Any CPU.ActiveCfg = Debug|Any CPU
		{A14393D3-B2FA-41AE-9555-73E2F3D564BD}.Debug|Any CPU.Build.0 = Debug|Any CPU
		{A14393D3-B2FA-41AE-9555-73E2F3D564BD}.Release|Any CPU.ActiveCfg = Release|Any CPU
		{A14393D3-B2FA-41AE-9555-73E2F3D564BD}.Release|Any CPU.Build.0 = Release|Any CPU
		{C65D435D-A5B2-4BA7-AD0F-6574E6427D37}.Debug|Any CPU.ActiveCfg = Debug|Any CPU
		{C65D435D-A5B2-4BA7-AD0F-6574E6427D37}.Debug|Any CPU.Build.0 = Debug|Any CPU
		{C65D435D-A5B2-4BA7-AD0F-6574E6427D37}.Release|Any CPU.ActiveCfg = Release|Any CPU
		{C65D435D-A5B2-4BA7-AD0F-6574E6427D37}.Release|Any CPU.Build.0 = Release|Any CPU
	EndGlobalSection
	GlobalSection(SolutionProperties) = preSolution
		HideSolutionNode = FALSE
	EndGlobalSection
	GlobalSection(ExtensibilityGlobals) = postSolution
		SolutionGuid = {00B7A058-917E-4F49-965A-40267A0AF8C2}
	EndGlobalSection
EndGlobal
